// !$*UTF8*$!
{
	archiveVersion = 1;
	classes = {
	};
	objectVersion = 55;
	objects = {

/* Begin PBXBuildFile section */
		726A8F47275BE7E300F5B682 /* OnboardingView.swift in Sources */ = {isa = PBXBuildFile; fileRef = 726A8F46275BE7E200F5B682 /* OnboardingView.swift */; };
		72ACA6BF275B70F800B8E31E /* FructusApp.swift in Sources */ = {isa = PBXBuildFile; fileRef = 72ACA6BE275B70F800B8E31E /* FructusApp.swift */; };
		72ACA6C1275B70F800B8E31E /* ContentView.swift in Sources */ = {isa = PBXBuildFile; fileRef = 72ACA6C0275B70F800B8E31E /* ContentView.swift */; };
		72ACA6C3275B70FA00B8E31E /* Assets.xcassets in Resources */ = {isa = PBXBuildFile; fileRef = 72ACA6C2275B70FA00B8E31E /* Assets.xcassets */; };
		72ACA6C6275B70FA00B8E31E /* Preview Assets.xcassets in Resources */ = {isa = PBXBuildFile; fileRef = 72ACA6C5275B70FA00B8E31E /* Preview Assets.xcassets */; };
		72ACA6D0275B70FA00B8E31E /* FructusTests.swift in Sources */ = {isa = PBXBuildFile; fileRef = 72ACA6CF275B70FA00B8E31E /* FructusTests.swift */; };
		72ACA6DA275B70FA00B8E31E /* FructusUITests.swift in Sources */ = {isa = PBXBuildFile; fileRef = 72ACA6D9275B70FA00B8E31E /* FructusUITests.swift */; };
		72ACA6DC275B70FA00B8E31E /* FructusUITestsLaunchTests.swift in Sources */ = {isa = PBXBuildFile; fileRef = 72ACA6DB275B70FA00B8E31E /* FructusUITestsLaunchTests.swift */; };
		72ACA6EB275B7CB300B8E31E /* FruitCardView.swift in Sources */ = {isa = PBXBuildFile; fileRef = 72ACA6EA275B7CB300B8E31E /* FruitCardView.swift */; };
		72ACA6ED275B8B7300B8E31E /* StartButtonView.swift in Sources */ = {isa = PBXBuildFile; fileRef = 72ACA6EC275B8B7300B8E31E /* StartButtonView.swift */; };
		72FBEE70275D175C00FDC449 /* FruitModel.swift in Sources */ = {isa = PBXBuildFile; fileRef = 72FBEE6F275D175C00FDC449 /* FruitModel.swift */; };
		72FBEE73275D1A0800FDC449 /* FruitData.swift in Sources */ = {isa = PBXBuildFile; fileRef = 72FBEE72275D1A0800FDC449 /* FruitData.swift */; };
		72FDB56E275F42700017534D /* FruitRowView.swift in Sources */ = {isa = PBXBuildFile; fileRef = 72FDB56D275F42700017534D /* FruitRowView.swift */; };
/* End PBXBuildFile section */

/* Begin PBXContainerItemProxy section */
		72ACA6CC275B70FA00B8E31E /* PBXContainerItemProxy */ = {
			isa = PBXContainerItemProxy;
			containerPortal = 72ACA6B3275B70F800B8E31E /* Project object */;
			proxyType = 1;
			remoteGlobalIDString = 72ACA6BA275B70F800B8E31E;
			remoteInfo = Fructus;
		};
		72ACA6D6275B70FA00B8E31E /* PBXContainerItemProxy */ = {
			isa = PBXContainerItemProxy;
			containerPortal = 72ACA6B3275B70F800B8E31E /* Project object */;
			proxyType = 1;
			remoteGlobalIDString = 72ACA6BA275B70F800B8E31E;
			remoteInfo = Fructus;
		};
/* End PBXContainerItemProxy section */

/* Begin PBXFileReference section */
		726A8F46275BE7E200F5B682 /* OnboardingView.swift */ = {isa = PBXFileReference; lastKnownFileType = sourcecode.swift; path = OnboardingView.swift; sourceTree = "<group>"; };
		72ACA6BB275B70F800B8E31E /* Fructus.app */ = {isa = PBXFileReference; explicitFileType = wrapper.application; includeInIndex = 0; path = Fructus.app; sourceTree = BUILT_PRODUCTS_DIR; };
		72ACA6BE275B70F800B8E31E /* FructusApp.swift */ = {isa = PBXFileReference; lastKnownFileType = sourcecode.swift; path = FructusApp.swift; sourceTree = "<group>"; };
		72ACA6C0275B70F800B8E31E /* ContentView.swift */ = {isa = PBXFileReference; lastKnownFileType = sourcecode.swift; path = ContentView.swift; sourceTree = "<group>"; };
		72ACA6C2275B70FA00B8E31E /* Assets.xcassets */ = {isa = PBXFileReference; lastKnownFileType = folder.assetcatalog; path = Assets.xcassets; sourceTree = "<group>"; };
		72ACA6C5275B70FA00B8E31E /* Preview Assets.xcassets */ = {isa = PBXFileReference; lastKnownFileType = folder.assetcatalog; path = "Preview Assets.xcassets"; sourceTree = "<group>"; };
		72ACA6CB275B70FA00B8E31E /* FructusTests.xctest */ = {isa = PBXFileReference; explicitFileType = wrapper.cfbundle; includeInIndex = 0; path = FructusTests.xctest; sourceTree = BUILT_PRODUCTS_DIR; };
		72ACA6CF275B70FA00B8E31E /* FructusTests.swift */ = {isa = PBXFileReference; lastKnownFileType = sourcecode.swift; path = FructusTests.swift; sourceTree = "<group>"; };
		72ACA6D5275B70FA00B8E31E /* FructusUITests.xctest */ = {isa = PBXFileReference; explicitFileType = wrapper.cfbundle; includeInIndex = 0; path = FructusUITests.xctest; sourceTree = BUILT_PRODUCTS_DIR; };
		72ACA6D9275B70FA00B8E31E /* FructusUITests.swift */ = {isa = PBXFileReference; lastKnownFileType = sourcecode.swift; path = FructusUITests.swift; sourceTree = "<group>"; };
		72ACA6DB275B70FA00B8E31E /* FructusUITestsLaunchTests.swift */ = {isa = PBXFileReference; lastKnownFileType = sourcecode.swift; path = FructusUITestsLaunchTests.swift; sourceTree = "<group>"; };
		72ACA6EA275B7CB300B8E31E /* FruitCardView.swift */ = {isa = PBXFileReference; lastKnownFileType = sourcecode.swift; path = FruitCardView.swift; sourceTree = "<group>"; };
		72ACA6EC275B8B7300B8E31E /* StartButtonView.swift */ = {isa = PBXFileReference; lastKnownFileType = sourcecode.swift; path = StartButtonView.swift; sourceTree = "<group>"; };
		72FBEE6F275D175C00FDC449 /* FruitModel.swift */ = {isa = PBXFileReference; lastKnownFileType = sourcecode.swift; path = FruitModel.swift; sourceTree = "<group>"; };
		72FBEE72275D1A0800FDC449 /* FruitData.swift */ = {isa = PBXFileReference; lastKnownFileType = sourcecode.swift; path = FruitData.swift; sourceTree = "<group>"; };
		72FDB56D275F42700017534D /* FruitRowView.swift */ = {isa = PBXFileReference; lastKnownFileType = sourcecode.swift; path = FruitRowView.swift; sourceTree = "<group>"; };
/* End PBXFileReference section */

/* Begin PBXFrameworksBuildPhase section */
		72ACA6B8275B70F800B8E31E /* Frameworks */ = {
			isa = PBXFrameworksBuildPhase;
			buildActionMask = 2147483647;
			files = (
			);
			runOnlyForDeploymentPostprocessing = 0;
		};
		72ACA6C8275B70FA00B8E31E /* Frameworks */ = {
			isa = PBXFrameworksBuildPhase;
			buildActionMask = 2147483647;
			files = (
			);
			runOnlyForDeploymentPostprocessing = 0;
		};
		72ACA6D2275B70FA00B8E31E /* Frameworks */ = {
			isa = PBXFrameworksBuildPhase;
			buildActionMask = 2147483647;
			files = (
			);
			runOnlyForDeploymentPostprocessing = 0;
		};
/* End PBXFrameworksBuildPhase section */

/* Begin PBXGroup section */
		72ACA6B2275B70F800B8E31E = {
			isa = PBXGroup;
			children = (
				72ACA6BD275B70F800B8E31E /* Fructus */,
				72ACA6CE275B70FA00B8E31E /* FructusTests */,
				72ACA6D8275B70FA00B8E31E /* FructusUITests */,
				72ACA6BC275B70F800B8E31E /* Products */,
			);
			sourceTree = "<group>";
		};
		72ACA6BC275B70F800B8E31E /* Products */ = {
			isa = PBXGroup;
			children = (
				72ACA6BB275B70F800B8E31E /* Fructus.app */,
				72ACA6CB275B70FA00B8E31E /* FructusTests.xctest */,
				72ACA6D5275B70FA00B8E31E /* FructusUITests.xctest */,
			);
			name = Products;
			sourceTree = "<group>";
		};
		72ACA6BD275B70F800B8E31E /* Fructus */ = {
			isa = PBXGroup;
			children = (
				72FBEE71275D19DD00FDC449 /* Data */,
				72FBEE6E275D171C00FDC449 /* Model */,
				72ACA6E9275B7BB200B8E31E /* App */,
				72ACA6E8275B7B8100B8E31E /* View */,
				72ACA6C2275B70FA00B8E31E /* Assets.xcassets */,
				72ACA6C4275B70FA00B8E31E /* Preview Content */,
			);
			path = Fructus;
			sourceTree = "<group>";
		};
		72ACA6C4275B70FA00B8E31E /* Preview Content */ = {
			isa = PBXGroup;
			children = (
				72ACA6C5275B70FA00B8E31E /* Preview Assets.xcassets */,
			);
			path = "Preview Content";
			sourceTree = "<group>";
		};
		72ACA6CE275B70FA00B8E31E /* FructusTests */ = {
			isa = PBXGroup;
			children = (
				72ACA6CF275B70FA00B8E31E /* FructusTests.swift */,
			);
			path = FructusTests;
			sourceTree = "<group>";
		};
		72ACA6D8275B70FA00B8E31E /* FructusUITests */ = {
			isa = PBXGroup;
			children = (
				72ACA6D9275B70FA00B8E31E /* FructusUITests.swift */,
				72ACA6DB275B70FA00B8E31E /* FructusUITestsLaunchTests.swift */,
			);
			path = FructusUITests;
			sourceTree = "<group>";
		};
		72ACA6E8275B7B8100B8E31E /* View */ = {
			isa = PBXGroup;
			children = (
				72ACA6EA275B7CB300B8E31E /* FruitCardView.swift */,
				72ACA6EC275B8B7300B8E31E /* StartButtonView.swift */,
				726A8F46275BE7E200F5B682 /* OnboardingView.swift */,
				72FDB56D275F42700017534D /* FruitRowView.swift */,
			);
			path = View;
			sourceTree = "<group>";
		};
		72ACA6E9275B7BB200B8E31E /* App */ = {
			isa = PBXGroup;
			children = (
				72ACA6BE275B70F800B8E31E /* FructusApp.swift */,
				72ACA6C0275B70F800B8E31E /* ContentView.swift */,
			);
			path = App;
			sourceTree = "<group>";
		};
		72FBEE6E275D171C00FDC449 /* Model */ = {
			isa = PBXGroup;
			children = (
				72FBEE6F275D175C00FDC449 /* FruitModel.swift */,
			);
			path = Model;
			sourceTree = "<group>";
		};
		72FBEE71275D19DD00FDC449 /* Data */ = {
			isa = PBXGroup;
			children = (
				72FBEE72275D1A0800FDC449 /* FruitData.swift */,
			);
			path = Data;
			sourceTree = "<group>";
		};
/* End PBXGroup section */

/* Begin PBXNativeTarget section */
		72ACA6BA275B70F800B8E31E /* Fructus */ = {
			isa = PBXNativeTarget;
			buildConfigurationList = 72ACA6DF275B70FA00B8E31E /* Build configuration list for PBXNativeTarget "Fructus" */;
			buildPhases = (
				72ACA6B7275B70F800B8E31E /* Sources */,
				72ACA6B8275B70F800B8E31E /* Frameworks */,
				72ACA6B9275B70F800B8E31E /* Resources */,
			);
			buildRules = (
			);
			dependencies = (
			);
			name = Fructus;
			productName = Fructus;
			productReference = 72ACA6BB275B70F800B8E31E /* Fructus.app */;
			productType = "com.apple.product-type.application";
		};
		72ACA6CA275B70FA00B8E31E /* FructusTests */ = {
			isa = PBXNativeTarget;
			buildConfigurationList = 72ACA6E2275B70FA00B8E31E /* Build configuration list for PBXNativeTarget "FructusTests" */;
			buildPhases = (
				72ACA6C7275B70FA00B8E31E /* Sources */,
				72ACA6C8275B70FA00B8E31E /* Frameworks */,
				72ACA6C9275B70FA00B8E31E /* Resources */,
			);
			buildRules = (
			);
			dependencies = (
				72ACA6CD275B70FA00B8E31E /* PBXTargetDependency */,
			);
			name = FructusTests;
			productName = FructusTests;
			productReference = 72ACA6CB275B70FA00B8E31E /* FructusTests.xctest */;
			productType = "com.apple.product-type.bundle.unit-test";
		};
		72ACA6D4275B70FA00B8E31E /* FructusUITests */ = {
			isa = PBXNativeTarget;
			buildConfigurationList = 72ACA6E5275B70FA00B8E31E /* Build configuration list for PBXNativeTarget "FructusUITests" */;
			buildPhases = (
				72ACA6D1275B70FA00B8E31E /* Sources */,
				72ACA6D2275B70FA00B8E31E /* Frameworks */,
				72ACA6D3275B70FA00B8E31E /* Resources */,
			);
			buildRules = (
			);
			dependencies = (
				72ACA6D7275B70FA00B8E31E /* PBXTargetDependency */,
			);
			name = FructusUITests;
			productName = FructusUITests;
			productReference = 72ACA6D5275B70FA00B8E31E /* FructusUITests.xctest */;
			productType = "com.apple.product-type.bundle.ui-testing";
		};
/* End PBXNativeTarget section */

/* Begin PBXProject section */
		72ACA6B3275B70F800B8E31E /* Project object */ = {
			isa = PBXProject;
			attributes = {
				BuildIndependentTargetsInParallel = 1;
				LastSwiftUpdateCheck = 1310;
				LastUpgradeCheck = 1310;
				TargetAttributes = {
					72ACA6BA275B70F800B8E31E = {
						CreatedOnToolsVersion = 13.1;
					};
					72ACA6CA275B70FA00B8E31E = {
						CreatedOnToolsVersion = 13.1;
						TestTargetID = 72ACA6BA275B70F800B8E31E;
					};
					72ACA6D4275B70FA00B8E31E = {
						CreatedOnToolsVersion = 13.1;
						TestTargetID = 72ACA6BA275B70F800B8E31E;
					};
				};
			};
			buildConfigurationList = 72ACA6B6275B70F800B8E31E /* Build configuration list for PBXProject "Fructus" */;
			compatibilityVersion = "Xcode 13.0";
			developmentRegion = en;
			hasScannedForEncodings = 0;
			knownRegions = (
				en,
				Base,
			);
			mainGroup = 72ACA6B2275B70F800B8E31E;
			productRefGroup = 72ACA6BC275B70F800B8E31E /* Products */;
			projectDirPath = "";
			projectRoot = "";
			targets = (
				72ACA6BA275B70F800B8E31E /* Fructus */,
				72ACA6CA275B70FA00B8E31E /* FructusTests */,
				72ACA6D4275B70FA00B8E31E /* FructusUITests */,
			);
		};
/* End PBXProject section */

/* Begin PBXResourcesBuildPhase section */
		72ACA6B9275B70F800B8E31E /* Resources */ = {
			isa = PBXResourcesBuildPhase;
			buildActionMask = 2147483647;
			files = (
				72ACA6C6275B70FA00B8E31E /* Preview Assets.xcassets in Resources */,
				72ACA6C3275B70FA00B8E31E /* Assets.xcassets in Resources */,
			);
			runOnlyForDeploymentPostprocessing = 0;
		};
		72ACA6C9275B70FA00B8E31E /* Resources */ = {
			isa = PBXResourcesBuildPhase;
			buildActionMask = 2147483647;
			files = (
			);
			runOnlyForDeploymentPostprocessing = 0;
		};
		72ACA6D3275B70FA00B8E31E /* Resources */ = {
			isa = PBXResourcesBuildPhase;
			buildActionMask = 2147483647;
			files = (
			);
			runOnlyForDeploymentPostprocessing = 0;
		};
/* End PBXResourcesBuildPhase section */

/* Begin PBXSourcesBuildPhase section */
		72ACA6B7275B70F800B8E31E /* Sources */ = {
			isa = PBXSourcesBuildPhase;
			buildActionMask = 2147483647;
			files = (
				72FBEE73275D1A0800FDC449 /* FruitData.swift in Sources */,
				72ACA6EB275B7CB300B8E31E /* FruitCardView.swift in Sources */,
				72FDB56E275F42700017534D /* FruitRowView.swift in Sources */,
				72ACA6ED275B8B7300B8E31E /* StartButtonView.swift in Sources */,
				72ACA6C1275B70F800B8E31E /* ContentView.swift in Sources */,
				726A8F47275BE7E300F5B682 /* OnboardingView.swift in Sources */,
				72FBEE70275D175C00FDC449 /* FruitModel.swift in Sources */,
				72ACA6BF275B70F800B8E31E /* FructusApp.swift in Sources */,
			);
			runOnlyForDeploymentPostprocessing = 0;
		};
		72ACA6C7275B70FA00B8E31E /* Sources */ = {
			isa = PBXSourcesBuildPhase;
			buildActionMask = 2147483647;
			files = (
				72ACA6D0275B70FA00B8E31E /* FructusTests.swift in Sources */,
			);
			runOnlyForDeploymentPostprocessing = 0;
		};
		72ACA6D1275B70FA00B8E31E /* Sources */ = {
			isa = PBXSourcesBuildPhase;
			buildActionMask = 2147483647;
			files = (
				72ACA6DA275B70FA00B8E31E /* FructusUITests.swift in Sources */,
				72ACA6DC275B70FA00B8E31E /* FructusUITestsLaunchTests.swift in Sources */,
			);
			runOnlyForDeploymentPostprocessing = 0;
		};
/* End PBXSourcesBuildPhase section */

/* Begin PBXTargetDependency section */
		72ACA6CD275B70FA00B8E31E /* PBXTargetDependency */ = {
			isa = PBXTargetDependency;
			target = 72ACA6BA275B70F800B8E31E /* Fructus */;
			targetProxy = 72ACA6CC275B70FA00B8E31E /* PBXContainerItemProxy */;
		};
		72ACA6D7275B70FA00B8E31E /* PBXTargetDependency */ = {
			isa = PBXTargetDependency;
			target = 72ACA6BA275B70F800B8E31E /* Fructus */;
			targetProxy = 72ACA6D6275B70FA00B8E31E /* PBXContainerItemProxy */;
		};
/* End PBXTargetDependency section */

/* Begin XCBuildConfiguration section */
		72ACA6DD275B70FA00B8E31E /* Debug */ = {
			isa = XCBuildConfiguration;
			buildSettings = {
				ALWAYS_SEARCH_USER_PATHS = NO;
				CLANG_ANALYZER_NONNULL = YES;
				CLANG_ANALYZER_NUMBER_OBJECT_CONVERSION = YES_AGGRESSIVE;
				CLANG_CXX_LANGUAGE_STANDARD = "gnu++17";
				CLANG_CXX_LIBRARY = "libc++";
				CLANG_ENABLE_MODULES = YES;
				CLANG_ENABLE_OBJC_ARC = YES;
				CLANG_ENABLE_OBJC_WEAK = YES;
				CLANG_WARN_BLOCK_CAPTURE_AUTORELEASING = YES;
				CLANG_WARN_BOOL_CONVERSION = YES;
				CLANG_WARN_COMMA = YES;
				CLANG_WARN_CONSTANT_CONVERSION = YES;
				CLANG_WARN_DEPRECATED_OBJC_IMPLEMENTATIONS = YES;
				CLANG_WARN_DIRECT_OBJC_ISA_USAGE = YES_ERROR;
				CLANG_WARN_DOCUMENTATION_COMMENTS = YES;
				CLANG_WARN_EMPTY_BODY = YES;
				CLANG_WARN_ENUM_CONVERSION = YES;
				CLANG_WARN_INFINITE_RECURSION = YES;
				CLANG_WARN_INT_CONVERSION = YES;
				CLANG_WARN_NON_LITERAL_NULL_CONVERSION = YES;
				CLANG_WARN_OBJC_IMPLICIT_RETAIN_SELF = YES;
				CLANG_WARN_OBJC_LITERAL_CONVERSION = YES;
				CLANG_WARN_OBJC_ROOT_CLASS = YES_ERROR;
				CLANG_WARN_QUOTED_INCLUDE_IN_FRAMEWORK_HEADER = YES;
				CLANG_WARN_RANGE_LOOP_ANALYSIS = YES;
				CLANG_WARN_STRICT_PROTOTYPES = YES;
				CLANG_WARN_SUSPICIOUS_MOVE = YES;
				CLANG_WARN_UNGUARDED_AVAILABILITY = YES_AGGRESSIVE;
				CLANG_WARN_UNREACHABLE_CODE = YES;
				CLANG_WARN__DUPLICATE_METHOD_MATCH = YES;
				COPY_PHASE_STRIP = NO;
				DEBUG_INFORMATION_FORMAT = dwarf;
				ENABLE_STRICT_OBJC_MSGSEND = YES;
				ENABLE_TESTABILITY = YES;
				GCC_C_LANGUAGE_STANDARD = gnu11;
				GCC_DYNAMIC_NO_PIC = NO;
				GCC_NO_COMMON_BLOCKS = YES;
				GCC_OPTIMIZATION_LEVEL = 0;
				GCC_PREPROCESSOR_DEFINITIONS = (
					"DEBUG=1",
					"$(inherited)",
				);
				GCC_WARN_64_TO_32_BIT_CONVERSION = YES;
				GCC_WARN_ABOUT_RETURN_TYPE = YES_ERROR;
				GCC_WARN_UNDECLARED_SELECTOR = YES;
				GCC_WARN_UNINITIALIZED_AUTOS = YES_AGGRESSIVE;
				GCC_WARN_UNUSED_FUNCTION = YES;
				GCC_WARN_UNUSED_VARIABLE = YES;
				IPHONEOS_DEPLOYMENT_TARGET = 15.0;
				MTL_ENABLE_DEBUG_INFO = INCLUDE_SOURCE;
				MTL_FAST_MATH = YES;
				ONLY_ACTIVE_ARCH = YES;
				SDKROOT = iphoneos;
				SWIFT_ACTIVE_COMPILATION_CONDITIONS = DEBUG;
				SWIFT_OPTIMIZATION_LEVEL = "-Onone";
			};
			name = Debug;
		};
		72ACA6DE275B70FA00B8E31E /* Release */ = {
			isa = XCBuildConfiguration;
			buildSettings = {
				ALWAYS_SEARCH_USER_PATHS = NO;
				CLANG_ANALYZER_NONNULL = YES;
				CLANG_ANALYZER_NUMBER_OBJECT_CONVERSION = YES_AGGRESSIVE;
				CLANG_CXX_LANGUAGE_STANDARD = "gnu++17";
				CLANG_CXX_LIBRARY = "libc++";
				CLANG_ENABLE_MODULES = YES;
				CLANG_ENABLE_OBJC_ARC = YES;
				CLANG_ENABLE_OBJC_WEAK = YES;
				CLANG_WARN_BLOCK_CAPTURE_AUTORELEASING = YES;
				CLANG_WARN_BOOL_CONVERSION = YES;
				CLANG_WARN_COMMA = YES;
				CLANG_WARN_CONSTANT_CONVERSION = YES;
				CLANG_WARN_DEPRECATED_OBJC_IMPLEMENTATIONS = YES;
				CLANG_WARN_DIRECT_OBJC_ISA_USAGE = YES_ERROR;
				CLANG_WARN_DOCUMENTATION_COMMENTS = YES;
				CLANG_WARN_EMPTY_BODY = YES;
				CLANG_WARN_ENUM_CONVERSION = YES;
				CLANG_WARN_INFINITE_RECURSION = YES;
				CLANG_WARN_INT_CONVERSION = YES;
				CLANG_WARN_NON_LITERAL_NULL_CONVERSION = YES;
				CLANG_WARN_OBJC_IMPLICIT_RETAIN_SELF = YES;
				CLANG_WARN_OBJC_LITERAL_CONVERSION = YES;
				CLANG_WARN_OBJC_ROOT_CLASS = YES_ERROR;
				CLANG_WARN_QUOTED_INCLUDE_IN_FRAMEWORK_HEADER = YES;
				CLANG_WARN_RANGE_LOOP_ANALYSIS = YES;
				CLANG_WARN_STRICT_PROTOTYPES = YES;
				CLANG_WARN_SUSPICIOUS_MOVE = YES;
				CLANG_WARN_UNGUARDED_AVAILABILITY = YES_AGGRESSIVE;
				CLANG_WARN_UNREACHABLE_CODE = YES;
				CLANG_WARN__DUPLICATE_METHOD_MATCH = YES;
				COPY_PHASE_STRIP = NO;
				DEBUG_INFORMATION_FORMAT = "dwarf-with-dsym";
				ENABLE_NS_ASSERTIONS = NO;
				ENABLE_STRICT_OBJC_MSGSEND = YES;
				GCC_C_LANGUAGE_STANDARD = gnu11;
				GCC_NO_COMMON_BLOCKS = YES;
				GCC_WARN_64_TO_32_BIT_CONVERSION = YES;
				GCC_WARN_ABOUT_RETURN_TYPE = YES_ERROR;
				GCC_WARN_UNDECLARED_SELECTOR = YES;
				GCC_WARN_UNINITIALIZED_AUTOS = YES_AGGRESSIVE;
				GCC_WARN_UNUSED_FUNCTION = YES;
				GCC_WARN_UNUSED_VARIABLE = YES;
				IPHONEOS_DEPLOYMENT_TARGET = 15.0;
				MTL_ENABLE_DEBUG_INFO = NO;
				MTL_FAST_MATH = YES;
				SDKROOT = iphoneos;
				SWIFT_COMPILATION_MODE = wholemodule;
				SWIFT_OPTIMIZATION_LEVEL = "-O";
				VALIDATE_PRODUCT = YES;
			};
			name = Release;
		};
		72ACA6E0275B70FA00B8E31E /* Debug */ = {
			isa = XCBuildConfiguration;
			buildSettings = {
				ASSETCATALOG_COMPILER_APPICON_NAME = AppIcon;
				ASSETCATALOG_COMPILER_GLOBAL_ACCENT_COLOR_NAME = AccentColor;
				CODE_SIGN_STYLE = Automatic;
				CURRENT_PROJECT_VERSION = 1;
				DEVELOPMENT_ASSET_PATHS = "\"Fructus/Preview Content\"";
				ENABLE_PREVIEWS = YES;
				GENERATE_INFOPLIST_FILE = YES;
				INFOPLIST_KEY_UIApplicationSceneManifest_Generation = YES;
				INFOPLIST_KEY_UIApplicationSupportsIndirectInputEvents = YES;
				INFOPLIST_KEY_UILaunchScreen_Generation = YES;
				INFOPLIST_KEY_UISupportedInterfaceOrientations_iPad = "UIInterfaceOrientationPortrait UIInterfaceOrientationPortraitUpsideDown UIInterfaceOrientationLandscapeLeft UIInterfaceOrientationLandscapeRight";
				INFOPLIST_KEY_UISupportedInterfaceOrientations_iPhone = "UIInterfaceOrientationPortrait UIInterfaceOrientationLandscapeLeft UIInterfaceOrientationLandscapeRight";
				LD_RUNPATH_SEARCH_PATHS = (
					"$(inherited)",
					"@executable_path/Frameworks",
				);
				MARKETING_VERSION = 1.0;
				PRODUCT_BUNDLE_IDENTIFIER = com.ashishlanghe.Fructus;
				PRODUCT_NAME = "$(TARGET_NAME)";
				SWIFT_EMIT_LOC_STRINGS = YES;
				SWIFT_VERSION = 5.0;
				TARGETED_DEVICE_FAMILY = "1,2";
			};
			name = Debug;
		};
		72ACA6E1275B70FA00B8E31E /* Release */ = {
			isa = XCBuildConfiguration;
			buildSettings = {
				ASSETCATALOG_COMPILER_APPICON_NAME = AppIcon;
				ASSETCATALOG_COMPILER_GLOBAL_ACCENT_COLOR_NAME = AccentColor;
				CODE_SIGN_STYLE = Automatic;
				CURRENT_PROJECT_VERSION = 1;
				DEVELOPMENT_ASSET_PATHS = "\"Fructus/Preview Content\"";
				ENABLE_PREVIEWS = YES;
				GENERATE_INFOPLIST_FILE = YES;
				INFOPLIST_KEY_UIApplicationSceneManifest_Generation = YES;
				INFOPLIST_KEY_UIApplicationSupportsIndirectInputEvents = YES;
				INFOPLIST_KEY_UILaunchScreen_Generation = YES;
				INFOPLIST_KEY_UISupportedInterfaceOrientations_iPad = "UIInterfaceOrientationPortrait UIInterfaceOrientationPortraitUpsideDown UIInterfaceOrientationLandscapeLeft UIInterfaceOrientationLandscapeRight";
				INFOPLIST_KEY_UISupportedInterfaceOrientations_iPhone = "UIInterfaceOrientationPortrait UIInterfaceOrientationLandscapeLeft UIInterfaceOrientationLandscapeRight";
				LD_RUNPATH_SEARCH_PATHS = (
					"$(inherited)",
					"@executable_path/Frameworks",
				);
				MARKETING_VERSION = 1.0;
				PRODUCT_BUNDLE_IDENTIFIER = com.ashishlanghe.Fructus;
				PRODUCT_NAME = "$(TARGET_NAME)";
				SWIFT_EMIT_LOC_STRINGS = YES;
				SWIFT_VERSION = 5.0;
				TARGETED_DEVICE_FAMILY = "1,2";
			};
			name = Release;
		};
		72ACA6E3275B70FA00B8E31E /* Debug */ = {
			isa = XCBuildConfiguration;
			buildSettings = {
				ALWAYS_EMBED_SWIFT_STANDARD_LIBRARIES = YES;
				BUNDLE_LOADER = "$(TEST_HOST)";
				CODE_SIGN_STYLE = Automatic;
				CURRENT_PROJECT_VERSION = 1;
				GENERATE_INFOPLIST_FILE = YES;
				IPHONEOS_DEPLOYMENT_TARGET = 15.0;
				LD_RUNPATH_SEARCH_PATHS = (
					"$(inherited)",
					"@executable_path/Frameworks",
					"@loader_path/Frameworks",
				);
				MARKETING_VERSION = 1.0;
				PRODUCT_BUNDLE_IDENTIFIER = com.ashishlanghe.FructusTests;
				PRODUCT_NAME = "$(TARGET_NAME)";
				SWIFT_EMIT_LOC_STRINGS = NO;
				SWIFT_VERSION = 5.0;
				TARGETED_DEVICE_FAMILY = "1,2";
				TEST_HOST = "$(BUILT_PRODUCTS_DIR)/Fructus.app/Fructus";
			};
			name = Debug;
		};
		72ACA6E4275B70FA00B8E31E /* Release */ = {
			isa = XCBuildConfiguration;
			buildSettings = {
				ALWAYS_EMBED_SWIFT_STANDARD_LIBRARIES = YES;
				BUNDLE_LOADER = "$(TEST_HOST)";
				CODE_SIGN_STYLE = Automatic;
				CURRENT_PROJECT_VERSION = 1;
				GENERATE_INFOPLIST_FILE = YES;
				IPHONEOS_DEPLOYMENT_TARGET = 15.0;
				LD_RUNPATH_SEARCH_PATHS = (
					"$(inherited)",
					"@executable_path/Frameworks",
					"@loader_path/Frameworks",
				);
				MARKETING_VERSION = 1.0;
				PRODUCT_BUNDLE_IDENTIFIER = com.ashishlanghe.FructusTests;
				PRODUCT_NAME = "$(TARGET_NAME)";
				SWIFT_EMIT_LOC_STRINGS = NO;
				SWIFT_VERSION = 5.0;
				TARGETED_DEVICE_FAMILY = "1,2";
				TEST_HOST = "$(BUILT_PRODUCTS_DIR)/Fructus.app/Fructus";
			};
			name = Release;
		};
		72ACA6E6275B70FA00B8E31E /* Debug */ = {
			isa = XCBuildConfiguration;
			buildSettings = {
				ALWAYS_EMBED_SWIFT_STANDARD_LIBRARIES = YES;
				CODE_SIGN_STYLE = Automatic;
				CURRENT_PROJECT_VERSION = 1;
				GENERATE_INFOPLIST_FILE = YES;
				LD_RUNPATH_SEARCH_PATHS = (
					"$(inherited)",
					"@executable_path/Frameworks",
					"@loader_path/Frameworks",
				);
				MARKETING_VERSION = 1.0;
				PRODUCT_BUNDLE_IDENTIFIER = com.ashishlanghe.FructusUITests;
				PRODUCT_NAME = "$(TARGET_NAME)";
				SWIFT_EMIT_LOC_STRINGS = NO;
				SWIFT_VERSION = 5.0;
				TARGETED_DEVICE_FAMILY = "1,2";
				TEST_TARGET_NAME = Fructus;
			};
			name = Debug;
		};
		72ACA6E7275B70FA00B8E31E /* Release */ = {
			isa = XCBuildConfiguration;
			buildSettings = {
				ALWAYS_EMBED_SWIFT_STANDARD_LIBRARIES = YES;
				CODE_SIGN_STYLE = Automatic;
				CURRENT_PROJECT_VERSION = 1;
				GENERATE_INFOPLIST_FILE = YES;
				LD_RUNPATH_SEARCH_PATHS = (
					"$(inherited)",
					"@executable_path/Frameworks",
					"@loader_path/Frameworks",
				);
				MARKETING_VERSION = 1.0;
				PRODUCT_BUNDLE_IDENTIFIER = com.ashishlanghe.FructusUITests;
				PRODUCT_NAME = "$(TARGET_NAME)";
				SWIFT_EMIT_LOC_STRINGS = NO;
				SWIFT_VERSION = 5.0;
				TARGETED_DEVICE_FAMILY = "1,2";
				TEST_TARGET_NAME = Fructus;
			};
			name = Release;
		};
/* End XCBuildConfiguration section */

/* Begin XCConfigurationList section */
		72ACA6B6275B70F800B8E31E /* Build configuration list for PBXProject "Fructus" */ = {
			isa = XCConfigurationList;
			buildConfigurations = (
				72ACA6DD275B70FA00B8E31E /* Debug */,
				72ACA6DE275B70FA00B8E31E /* Release */,
			);
			defaultConfigurationIsVisible = 0;
			defaultConfigurationName = Release;
		};
		72ACA6DF275B70FA00B8E31E /* Build configuration list for PBXNativeTarget "Fructus" */ = {
			isa = XCConfigurationList;
			buildConfigurations = (
				72ACA6E0275B70FA00B8E31E /* Debug */,
				72ACA6E1275B70FA00B8E31E /* Release */,
			);
			defaultConfigurationIsVisible = 0;
			defaultConfigurationName = Release;
		};
		72ACA6E2275B70FA00B8E31E /* Build configuration list for PBXNativeTarget "FructusTests" */ = {
			isa = XCConfigurationList;
			buildConfigurations = (
				72ACA6E3275B70FA00B8E31E /* Debug */,
				72ACA6E4275B70FA00B8E31E /* Release */,
			);
			defaultConfigurationIsVisible = 0;
			defaultConfigurationName = Release;
		};
		72ACA6E5275B70FA00B8E31E /* Build configuration list for PBXNativeTarget "FructusUITests" */ = {
			isa = XCConfigurationList;
			buildConfigurations = (
				72ACA6E6275B70FA00B8E31E /* Debug */,
				72ACA6E7275B70FA00B8E31E /* Release */,
			);
			defaultConfigurationIsVisible = 0;
			defaultConfigurationName = Release;
		};
/* End XCConfigurationList section */
	};
	rootObject = 72ACA6B3275B70F800B8E31E /* Project object */;
}
